
Microsoft Visual Studio Solution File, Format Version 12.00
# Visual Studio Version 17
VisualStudioVersion = 17.6.33712.159
MinimumVisualStudioVersion = 10.0.40219.1
Project("{FAE04EC0-301F-11D3-BF4B-00C04F79EFBC}") = "MaterialExport", "MaterialExport\MaterialExport.csproj", "{1C9E7B4E-5CC9-47D0-A2CF-6F3C76DE905C}"
EndProject
Project("{FAE04EC0-301F-11D3-BF4B-00C04F79EFBC}") = "GeometryExport", "GeometryExport\GeometryExport.csproj", "{0F69B6FF-97B3-4A74-A6FF-FFD31B72BA1E}"
EndProject
Project("{FAE04EC0-301F-11D3-BF4B-00C04F79EFBC}") = "ControlStateManagement", "ControlStateManagement\ControlStateManagement.csproj", "{6F2728FC-F4F3-4BE2-81A5-A13558965216}"
EndProject
Project("{FAE04EC0-301F-11D3-BF4B-00C04F79EFBC}") = "GeometryGridTypes", "GeometryGridTypes\GeometryGridTypes.csproj", "{9D176764-996C-4145-A322-512FC18163AC}"
EndProject
Project("{FAE04EC0-301F-11D3-BF4B-00C04F79EFBC}") = "ModelObjectQuantities", "ModelObjectQuantities\ModelObjectQuantities.csproj", "{9C8A9024-E6B3-4E2E-B4EE-F4691B7347FE}"
EndProject
Project("{FAE04EC0-301F-11D3-BF4B-00C04F79EFBC}") = "ModelObjects", "ModelObjects\ModelObjects.csproj", "{D1258DEC-CD89-4BA2-8E99-532874B2D64C}"
EndProject
Project("{FAE04EC0-301F-11D3-BF4B-00C04F79EFBC}") = "SystemEvents", "SystemEvents\SystemEvents.csproj", "{19C501A8-B44C-4F6D-917E-7B28B8D200CC}"
EndProject
Project("{FAE04EC0-301F-11D3-BF4B-00C04F79EFBC}") = "ModelSelection", "ModelSelection\ModelSelection.csproj", "{157DCDB0-E3B2-43F3-9E87-517EC0E0412F}"
EndProject
Project("{2150E333-8FDC-42A3-9474-1A3956D46DE8}") = "Plugins", "Plugins", "{57590BD5-1095-4750-987D-986AEF743997}"
EndProject
Project("{2150E333-8FDC-42A3-9474-1A3956D46DE8}") = "ExternalApplications", "ExternalApplications", "{4E307412-A288-45B4-AA0E-03C1797D6395}"
EndProject
Project("{FAE04EC0-301F-11D3-BF4B-00C04F79EFBC}") = "Buttons", "Buttons\Buttons.csproj", "{207F12C0-08E2-4063-B170-CBC73DFA1927}"
EndProject
Project("{FAE04EC0-301F-11D3-BF4B-00C04F79EFBC}") = "VisualStyleAndVisibility", "VisualStyleAndVisibility\VisualStyleAndVisibility.csproj", "{AF565E17-C463-4AC6-A68B-856A6F527472}"
EndProject
Project("{FAE04EC0-301F-11D3-BF4B-00C04F79EFBC}") = "OpenSaveCloseProject", "OpenSaveCloseProject\OpenSaveCloseProject.csproj", "{3D5FAB10-2FD0-4ED0-B944-EC7607821B4A}"
EndProject
Project("{FAE04EC0-301F-11D3-BF4B-00C04F79EFBC}") = "ExportIfcDwgDxf", "ExportIfcDwgDxf\ExportIfcDwgDxf.csproj", "{F127E61B-146F-4A5C-863E-9A944E63D98D}"
EndProject
Project("{FAE04EC0-301F-11D3-BF4B-00C04F79EFBC}") = "ContextMenus", "ContextMenus\ContextMenus.csproj", "{771A42B7-4F0B-4D4A-952D-F5F5B2CF885E}"
EndProject
Project("{FAE04EC0-301F-11D3-BF4B-00C04F79EFBC}") = "ObjectReinforcement", "ObjectReinforcement\ObjectReinforcement.csproj", "{283F4DA7-DC5C-4F24-900C-A0464D200D2A}"
EndProject
Project("{FAE04EC0-301F-11D3-BF4B-00C04F79EFBC}") = "BeamParams", "BeamParams\BeamParams.csproj", "{8C019748-3CBC-4B55-AD9D-0FEDA9B7F0AE}"
EndProject
Project("{FAE04EC0-301F-11D3-BF4B-00C04F79EFBC}") = "PropertiesAndParameters", "PropertiesAndParameters\PropertiesAndParameters.csproj", "{8C171936-AE3E-4329-936C-B96FC9B26D6C}"
EndProject
Project("{FAE04EC0-301F-11D3-BF4B-00C04F79EFBC}") = "ApplicationVersion", "ApplicationVersion\ApplicationVersion.csproj", "{D86A5981-0C5E-482D-97C2-E4321C09AC35}"
EndProject
Project("{9A19103F-16F7-4668-BE54-9A1E7A4F7556}") = "Net8Buttons", "Net8Buttons\Net8Buttons.csproj", "{0CE5B032-0C98-4240-A122-7F76A864E304}"
EndProject
Project("{9A19103F-16F7-4668-BE54-9A1E7A4F7556}") = "PlacementEditing", "PlacementEditing\PlacementEditing.csproj", "{AD476998-31EF-4250-9848-3C8550DE042F}"
EndProject
Project("{FAE04EC0-301F-11D3-BF4B-00C04F79EFBC}") = "ViewSwitching", "ViewSwitching\ViewSwitching.csproj", "{3526142E-0D87-480C-8B47-146B90FC529C}"
EndProject
Project("{FAE04EC0-301F-11D3-BF4B-00C04F79EFBC}") = "ObjectCreation", "ObjectCreation\ObjectCreation.csproj", "{5A9FA004-0742-4A96-BE74-22E3F58F8BE9}"
EndProject
Project("{FAE04EC0-301F-11D3-BF4B-00C04F79EFBC}") = "Baseline2DObjectEditing", "Baseline2DObjectEditing\Baseline2DObjectEditing.csproj", "{D7772A8F-5D4B-47DB-369E-B25EFFDC0F1E}"
EndProject
Project("{FAE04EC0-301F-11D3-BF4B-00C04F79EFBC}") = "Net8PluginWithWindowsForms", "Net8PluginWithWindowsForms\Net8PluginWithWindowsForms.csproj", "{53613D45-94B0-4E77-0700-06F551A78C80}"
EndProject
Project("{FAE04EC0-301F-11D3-BF4B-00C04F79EFBC}") = "Net8PluginWithWPF", "Net8PluginWithWPF\Net8PluginWithWPF.csproj", "{58AACF2D-12D0-26DA-8E68-DC8495D501AE}"
EndProject
Global
	GlobalSection(SolutionConfigurationPlatforms) = preSolution
		Debug|x64 = Debug|x64
		Release|x64 = Release|x64
	EndGlobalSection
	GlobalSection(ProjectConfigurationPlatforms) = postSolution
		{1C9E7B4E-5CC9-47D0-A2CF-6F3C76DE905C}.Debug|x64.ActiveCfg = Debug|x64
		{1C9E7B4E-5CC9-47D0-A2CF-6F3C76DE905C}.Debug|x64.Build.0 = Debug|x64
		{1C9E7B4E-5CC9-47D0-A2CF-6F3C76DE905C}.Release|x64.ActiveCfg = Release|x64
		{1C9E7B4E-5CC9-47D0-A2CF-6F3C76DE905C}.Release|x64.Build.0 = Release|x64
		{0F69B6FF-97B3-4A74-A6FF-FFD31B72BA1E}.Debug|x64.ActiveCfg = Debug|x64
		{0F69B6FF-97B3-4A74-A6FF-FFD31B72BA1E}.Debug|x64.Build.0 = Debug|x64
		{0F69B6FF-97B3-4A74-A6FF-FFD31B72BA1E}.Release|x64.ActiveCfg = Release|x64
		{0F69B6FF-97B3-4A74-A6FF-FFD31B72BA1E}.Release|x64.Build.0 = Release|x64
		{6F2728FC-F4F3-4BE2-81A5-A13558965216}.Debug|x64.ActiveCfg = Debug|x64
		{6F2728FC-F4F3-4BE2-81A5-A13558965216}.Debug|x64.Build.0 = Debug|x64
		{6F2728FC-F4F3-4BE2-81A5-A13558965216}.Release|x64.ActiveCfg = Release|x64
		{6F2728FC-F4F3-4BE2-81A5-A13558965216}.Release|x64.Build.0 = Release|x64
		{9D176764-996C-4145-A322-512FC18163AC}.Debug|x64.ActiveCfg = Debug|x64
		{9D176764-996C-4145-A322-512FC18163AC}.Debug|x64.Build.0 = Debug|x64
		{9D176764-996C-4145-A322-512FC18163AC}.Release|x64.ActiveCfg = Release|x64
		{9D176764-996C-4145-A322-512FC18163AC}.Release|x64.Build.0 = Release|x64
		{9C8A9024-E6B3-4E2E-B4EE-F4691B7347FE}.Debug|x64.ActiveCfg = Debug|x64
		{9C8A9024-E6B3-4E2E-B4EE-F4691B7347FE}.Debug|x64.Build.0 = Debug|x64
		{9C8A9024-E6B3-4E2E-B4EE-F4691B7347FE}.Release|x64.ActiveCfg = Release|x64
		{9C8A9024-E6B3-4E2E-B4EE-F4691B7347FE}.Release|x64.Build.0 = Release|x64
		{D1258DEC-CD89-4BA2-8E99-532874B2D64C}.Debug|x64.ActiveCfg = Debug|x64
		{D1258DEC-CD89-4BA2-8E99-532874B2D64C}.Debug|x64.Build.0 = Debug|x64
		{D1258DEC-CD89-4BA2-8E99-532874B2D64C}.Release|x64.ActiveCfg = Release|x64
		{D1258DEC-CD89-4BA2-8E99-532874B2D64C}.Release|x64.Build.0 = Release|x64
		{19C501A8-B44C-4F6D-917E-7B28B8D200CC}.Debug|x64.ActiveCfg = Debug|x64
		{19C501A8-B44C-4F6D-917E-7B28B8D200CC}.Debug|x64.Build.0 = Debug|x64
		{19C501A8-B44C-4F6D-917E-7B28B8D200CC}.Release|x64.ActiveCfg = Release|x64
		{19C501A8-B44C-4F6D-917E-7B28B8D200CC}.Release|x64.Build.0 = Release|x64
		{157DCDB0-E3B2-43F3-9E87-517EC0E0412F}.Debug|x64.ActiveCfg = Debug|x64
		{157DCDB0-E3B2-43F3-9E87-517EC0E0412F}.Debug|x64.Build.0 = Debug|x64
		{157DCDB0-E3B2-43F3-9E87-517EC0E0412F}.Release|x64.ActiveCfg = Release|x64
		{157DCDB0-E3B2-43F3-9E87-517EC0E0412F}.Release|x64.Build.0 = Release|x64
		{207F12C0-08E2-4063-B170-CBC73DFA1927}.Debug|x64.ActiveCfg = Debug|x64
		{207F12C0-08E2-4063-B170-CBC73DFA1927}.Debug|x64.Build.0 = Debug|x64
		{207F12C0-08E2-4063-B170-CBC73DFA1927}.Release|x64.ActiveCfg = Release|x64
		{207F12C0-08E2-4063-B170-CBC73DFA1927}.Release|x64.Build.0 = Release|x64
		{AF565E17-C463-4AC6-A68B-856A6F527472}.Debug|x64.ActiveCfg = Debug|x64
		{AF565E17-C463-4AC6-A68B-856A6F527472}.Debug|x64.Build.0 = Debug|x64
		{AF565E17-C463-4AC6-A68B-856A6F527472}.Release|x64.ActiveCfg = Release|x64
		{AF565E17-C463-4AC6-A68B-856A6F527472}.Release|x64.Build.0 = Release|x64
		{3D5FAB10-2FD0-4ED0-B944-EC7607821B4A}.Debug|x64.ActiveCfg = Debug|x64
		{3D5FAB10-2FD0-4ED0-B944-EC7607821B4A}.Debug|x64.Build.0 = Debug|x64
		{3D5FAB10-2FD0-4ED0-B944-EC7607821B4A}.Release|x64.ActiveCfg = Release|x64
		{3D5FAB10-2FD0-4ED0-B944-EC7607821B4A}.Release|x64.Build.0 = Release|x64
		{F127E61B-146F-4A5C-863E-9A944E63D98D}.Debug|x64.ActiveCfg = Debug|x64
		{F127E61B-146F-4A5C-863E-9A944E63D98D}.Debug|x64.Build.0 = Debug|x64
		{F127E61B-146F-4A5C-863E-9A944E63D98D}.Release|x64.ActiveCfg = Release|x64
		{F127E61B-146F-4A5C-863E-9A944E63D98D}.Release|x64.Build.0 = Release|x64
		{771A42B7-4F0B-4D4A-952D-F5F5B2CF885E}.Debug|x64.ActiveCfg = Debug|x64
		{771A42B7-4F0B-4D4A-952D-F5F5B2CF885E}.Debug|x64.Build.0 = Debug|x64
		{771A42B7-4F0B-4D4A-952D-F5F5B2CF885E}.Release|x64.ActiveCfg = Release|x64
		{771A42B7-4F0B-4D4A-952D-F5F5B2CF885E}.Release|x64.Build.0 = Release|x64
		{283F4DA7-DC5C-4F24-900C-A0464D200D2A}.Debug|x64.ActiveCfg = Debug|x64
		{283F4DA7-DC5C-4F24-900C-A0464D200D2A}.Debug|x64.Build.0 = Debug|x64
		{283F4DA7-DC5C-4F24-900C-A0464D200D2A}.Release|x64.ActiveCfg = Release|x64
		{283F4DA7-DC5C-4F24-900C-A0464D200D2A}.Release|x64.Build.0 = Release|x64
		{8C019748-3CBC-4B55-AD9D-0FEDA9B7F0AE}.Debug|x64.ActiveCfg = Debug|x64
		{8C019748-3CBC-4B55-AD9D-0FEDA9B7F0AE}.Debug|x64.Build.0 = Debug|x64
		{8C019748-3CBC-4B55-AD9D-0FEDA9B7F0AE}.Release|x64.ActiveCfg = Release|x64
		{8C019748-3CBC-4B55-AD9D-0FEDA9B7F0AE}.Release|x64.Build.0 = Release|x64
		{8C171936-AE3E-4329-936C-B96FC9B26D6C}.Debug|x64.ActiveCfg = Debug|x64
		{8C171936-AE3E-4329-936C-B96FC9B26D6C}.Debug|x64.Build.0 = Debug|x64
		{8C171936-AE3E-4329-936C-B96FC9B26D6C}.Release|x64.ActiveCfg = Release|x64
		{8C171936-AE3E-4329-936C-B96FC9B26D6C}.Release|x64.Build.0 = Release|x64
		{D86A5981-0C5E-482D-97C2-E4321C09AC35}.Debug|x64.ActiveCfg = Debug|x64
		{D86A5981-0C5E-482D-97C2-E4321C09AC35}.Debug|x64.Build.0 = Debug|x64
		{D86A5981-0C5E-482D-97C2-E4321C09AC35}.Release|x64.ActiveCfg = Release|x64
		{D86A5981-0C5E-482D-97C2-E4321C09AC35}.Release|x64.Build.0 = Release|x64
		{0CE5B032-0C98-4240-A122-7F76A864E304}.Debug|x64.ActiveCfg = Debug|x64
		{0CE5B032-0C98-4240-A122-7F76A864E304}.Debug|x64.Build.0 = Debug|x64
		{0CE5B032-0C98-4240-A122-7F76A864E304}.Release|x64.ActiveCfg = Release|x64
		{0CE5B032-0C98-4240-A122-7F76A864E304}.Release|x64.Build.0 = Release|x64
		{AD476998-31EF-4250-9848-3C8550DE042F}.Debug|x64.ActiveCfg = Debug|x64
		{AD476998-31EF-4250-9848-3C8550DE042F}.Debug|x64.Build.0 = Debug|x64
		{AD476998-31EF-4250-9848-3C8550DE042F}.Release|x64.ActiveCfg = Release|x64
		{AD476998-31EF-4250-9848-3C8550DE042F}.Release|x64.Build.0 = Release|x64
		{3526142E-0D87-480C-8B47-146B90FC529C}.Debug|x64.ActiveCfg = Debug|x64
		{3526142E-0D87-480C-8B47-146B90FC529C}.Debug|x64.Build.0 = Debug|x64
		{3526142E-0D87-480C-8B47-146B90FC529C}.Release|x64.ActiveCfg = Release|x64
		{3526142E-0D87-480C-8B47-146B90FC529C}.Release|x64.Build.0 = Release|x64
		{5A9FA004-0742-4A96-BE74-22E3F58F8BE9}.Debug|x64.ActiveCfg = Debug|x64
		{5A9FA004-0742-4A96-BE74-22E3F58F8BE9}.Debug|x64.Build.0 = Debug|x64
		{5A9FA004-0742-4A96-BE74-22E3F58F8BE9}.Release|x64.ActiveCfg = Release|x64
		{5A9FA004-0742-4A96-BE74-22E3F58F8BE9}.Release|x64.Build.0 = Release|x64
		{D7772A8F-5D4B-47DB-369E-B25EFFDC0F1E}.Debug|x64.ActiveCfg = Debug|x64
		{D7772A8F-5D4B-47DB-369E-B25EFFDC0F1E}.Debug|x64.Build.0 = Debug|x64
		{D7772A8F-5D4B-47DB-369E-B25EFFDC0F1E}.Release|x64.ActiveCfg = Release|x64
		{D7772A8F-5D4B-47DB-369E-B25EFFDC0F1E}.Release|x64.Build.0 = Release|x64
		{53613D45-94B0-4E77-0700-06F551A78C80}.Debug|x64.ActiveCfg = Debug|x64
		{53613D45-94B0-4E77-0700-06F551A78C80}.Debug|x64.Build.0 = Debug|x64
		{53613D45-94B0-4E77-0700-06F551A78C80}.Release|x64.ActiveCfg = Release|x64
		{53613D45-94B0-4E77-0700-06F551A78C80}.Release|x64.Build.0 = Release|x64
		{58AACF2D-12D0-26DA-8E68-DC8495D501AE}.Debug|x64.ActiveCfg = Debug|x64
		{58AACF2D-12D0-26DA-8E68-DC8495D501AE}.Debug|x64.Build.0 = Debug|x64
		{58AACF2D-12D0-26DA-8E68-DC8495D501AE}.Release|x64.ActiveCfg = Release|x64
		{58AACF2D-12D0-26DA-8E68-DC8495D501AE}.Release|x64.Build.0 = Release|x64
	EndGlobalSection
	GlobalSection(SolutionProperties) = preSolution
		HideSolutionNode = FALSE
	EndGlobalSection
	GlobalSection(NestedProjects) = preSolution
		{1C9E7B4E-5CC9-47D0-A2CF-6F3C76DE905C} = {57590BD5-1095-4750-987D-986AEF743997}
		{0F69B6FF-97B3-4A74-A6FF-FFD31B72BA1E} = {57590BD5-1095-4750-987D-986AEF743997}
		{6F2728FC-F4F3-4BE2-81A5-A13558965216} = {57590BD5-1095-4750-987D-986AEF743997}
		{9D176764-996C-4145-A322-512FC18163AC} = {57590BD5-1095-4750-987D-986AEF743997}
		{9C8A9024-E6B3-4E2E-B4EE-F4691B7347FE} = {57590BD5-1095-4750-987D-986AEF743997}
		{D1258DEC-CD89-4BA2-8E99-532874B2D64C} = {57590BD5-1095-4750-987D-986AEF743997}
		{19C501A8-B44C-4F6D-917E-7B28B8D200CC} = {57590BD5-1095-4750-987D-986AEF743997}
		{157DCDB0-E3B2-43F3-9E87-517EC0E0412F} = {57590BD5-1095-4750-987D-986AEF743997}
		{207F12C0-08E2-4063-B170-CBC73DFA1927} = {57590BD5-1095-4750-987D-986AEF743997}
		{AF565E17-C463-4AC6-A68B-856A6F527472} = {57590BD5-1095-4750-987D-986AEF743997}
		{3D5FAB10-2FD0-4ED0-B944-EC7607821B4A} = {4E307412-A288-45B4-AA0E-03C1797D6395}
		{F127E61B-146F-4A5C-863E-9A944E63D98D} = {4E307412-A288-45B4-AA0E-03C1797D6395}
		{771A42B7-4F0B-4D4A-952D-F5F5B2CF885E} = {57590BD5-1095-4750-987D-986AEF743997}
		{283F4DA7-DC5C-4F24-900C-A0464D200D2A} = {57590BD5-1095-4750-987D-986AEF743997}
		{8C019748-3CBC-4B55-AD9D-0FEDA9B7F0AE} = {57590BD5-1095-4750-987D-986AEF743997}
		{8C171936-AE3E-4329-936C-B96FC9B26D6C} = {57590BD5-1095-4750-987D-986AEF743997}
		{D86A5981-0C5E-482D-97C2-E4321C09AC35} = {57590BD5-1095-4750-987D-986AEF743997}
		{0CE5B032-0C98-4240-A122-7F76A864E304} = {57590BD5-1095-4750-987D-986AEF743997}
		{AD476998-31EF-4250-9848-3C8550DE042F} = {57590BD5-1095-4750-987D-986AEF743997}
		{3526142E-0D87-480C-8B47-146B90FC529C} = {57590BD5-1095-4750-987D-986AEF743997}
		{5A9FA004-0742-4A96-BE74-22E3F58F8BE9} = {57590BD5-1095-4750-987D-986AEF743997}
		{D7772A8F-5D4B-47DB-369E-B25EFFDC0F1E} = {57590BD5-1095-4750-987D-986AEF743997}
		{53613D45-94B0-4E77-0700-06F551A78C80} = {57590BD5-1095-4750-987D-986AEF743997}
		{58AACF2D-12D0-26DA-8E68-DC8495D501AE} = {57590BD5-1095-4750-987D-986AEF743997}
	EndGlobalSection
EndGlobal
