
Microsoft Visual Studio Solution File, Format Version 12.00
# Visual Studio Version 17
VisualStudioVersion = 17.6.33712.159
MinimumVisualStudioVersion = 10.0.40219.1
Project("{8BC9CEB8-8B4A-11D0-8D11-00A0C91BC942}") = "GeometryExport", "GeometryExport\GeometryExport.vcxproj", "{01328523-69CE-4049-BBBD-8C3C4F63D4D6}"
EndProject
Project("{8BC9CEB8-8B4A-11D0-8D11-00A0C91BC942}") = "MaterialExport", "MaterialExport\MaterialExport.vcxproj", "{D66AC168-35A2-4C35-BEAE-D5969E1ED9E1}"
EndProject
Project("{8BC9CEB8-8B4A-11D0-8D11-00A0C91BC942}") = "SystemEvents", "SystemEvents\SystemEvents.vcxproj", "{58AB31F0-11B9-4A1A-A7E7-569880986E6C}"
EndProject
Project("{8BC9CEB8-8B4A-11D0-8D11-00A0C91BC942}") = "ModelObjects", "ModelObjects\ModelObjects.vcxproj", "{AD801A6C-A5B4-411A-A487-F63D3EBB5AA3}"
EndProject
Project("{8BC9CEB8-8B4A-11D0-8D11-00A0C91BC942}") = "ModelObjectQuantities", "ModelObjectQuantities\ModelObjectQuantities.vcxproj", "{C0E15068-6C2E-414E-BA84-296B408D61F7}"
EndProject
Project("{8BC9CEB8-8B4A-11D0-8D11-00A0C91BC942}") = "ControlStateManagement", "ControlStateManagement\ControlStateManagement.vcxproj", "{3B0F1FCA-136C-44DE-8E3F-A87EB92A9B11}"
EndProject
Project("{8BC9CEB8-8B4A-11D0-8D11-00A0C91BC942}") = "GeometryGridTypes", "GeometryGridTypes\GeometryGridTypes.vcxproj", "{978FEAB6-471E-4D8D-94C3-43800698D5A5}"
EndProject
Project("{8BC9CEB8-8B4A-11D0-8D11-00A0C91BC942}") = "ModelSelection", "ModelSelection\ModelSelection.vcxproj", "{9BC6985F-50FE-4A15-81D3-EEB7A98906F7}"
EndProject
Project("{8BC9CEB8-8B4A-11D0-8D11-00A0C91BC942}") = "ObjectReinforcement", "ObjectReinforcement\ObjectReinforcement.vcxproj", "{18D980AD-0C68-4CB7-9A17-90EC50A754AB}"
EndProject
Project("{8BC9CEB8-8B4A-11D0-8D11-00A0C91BC942}") = "Buttons", "Buttons\Buttons.vcxproj", "{9922FFC1-9E52-4533-A298-52295D840B99}"
EndProject
Project("{8BC9CEB8-8B4A-11D0-8D11-00A0C91BC942}") = "ContextMenus", "ContextMenus\ContextMenus.vcxproj", "{4334AC4D-AC0B-42DF-AA49-D5C0BE600B0F}"
EndProject
Project("{2150E333-8FDC-42A3-9474-1A3956D46DE8}") = "Plugins", "Plugins", "{0B2D56EA-40A8-4634-BCA3-834F1590C690}"
EndProject
Project("{2150E333-8FDC-42A3-9474-1A3956D46DE8}") = "ExternalApplications", "ExternalApplications", "{7042060E-3805-445F-AE9E-94B0EA3E6E8C}"
EndProject
Project("{8BC9CEB8-8B4A-11D0-8D11-00A0C91BC942}") = "ExportIfcDwgDxf", "ExportIfcDwgDxf\ExportIfcDwgDxf.vcxproj", "{DCA47BDA-6093-414F-B81D-D90B207C893B}"
EndProject
Project("{8BC9CEB8-8B4A-11D0-8D11-00A0C91BC942}") = "OpenSaveCloseProject", "OpenSaveCloseProject\OpenSaveCloseProject.vcxproj", "{BA24937E-CED6-4610-89FC-B163FC87A0C9}"
EndProject
Project("{8BC9CEB8-8B4A-11D0-8D11-00A0C91BC942}") = "VisualStyleAndVisibility", "VisualStyleAndVisibility\VisualStyleAndVisibility.vcxproj", "{6D155BB7-FDB3-49D6-BCD2-880CE52A2704}"
EndProject
Project("{8BC9CEB8-8B4A-11D0-8D11-00A0C91BC942}") = "BeamParams", "BeamParams\BeamParams.vcxproj", "{AB0845F9-AF81-4388-BE45-4FE23B7343F3}"
EndProject
Project("{8BC9CEB8-8B4A-11D0-8D11-00A0C91BC942}") = "ApplicationVersion", "ApplicationVersion\ApplicationVersion.vcxproj", "{E0B1653E-5E81-4A34-B321-BDDF33C9FD46}"
EndProject
Project("{8BC9CEB8-8B4A-11D0-8D11-00A0C91BC942}") = "ParagraphNumbering", "ParagraphNumbering\ParagraphNumbering.vcxproj", "{9E85010D-A9E9-46D6-8450-F635EA9321CC}"
EndProject
Project("{8BC9CEB8-8B4A-11D0-8D11-00A0C91BC942}") = "FittingStylesCreator", "FittingStylesCreator\FittingStylesCreator.vcxproj", "{CE0A265F-EE87-479F-ADC1-FF8961DDC80B}"
EndProject
Project("{8BC9CEB8-8B4A-11D0-8D11-00A0C91BC942}") = "MepCircleConstructor", "MepCircleConstructor\MepCircleConstructor.vcxproj", "{496947DE-7A44-42A4-946B-CBF220637960}"
EndProject
Project("{8BC9CEB8-8B4A-11D0-8D11-00A0C91BC942}") = "AssemblyInstanceCreation", "AssemblyInstanceCreation\AssemblyInstanceCreation.vcxproj", "{73368CEB-D8C8-4781-BF6E-B09EBC0DC803}"
EndProject
Global
	GlobalSection(SolutionConfigurationPlatforms) = preSolution
		Debug|x64 = Debug|x64
		Release|x64 = Release|x64
	EndGlobalSection
	GlobalSection(ProjectConfigurationPlatforms) = postSolution
		{01328523-69CE-4049-BBBD-8C3C4F63D4D6}.Debug|x64.ActiveCfg = Debug|x64
		{01328523-69CE-4049-BBBD-8C3C4F63D4D6}.Debug|x64.Build.0 = Debug|x64
		{01328523-69CE-4049-BBBD-8C3C4F63D4D6}.Release|x64.ActiveCfg = Release|x64
		{01328523-69CE-4049-BBBD-8C3C4F63D4D6}.Release|x64.Build.0 = Release|x64
		{D66AC168-35A2-4C35-BEAE-D5969E1ED9E1}.Debug|x64.ActiveCfg = Debug|x64
		{D66AC168-35A2-4C35-BEAE-D5969E1ED9E1}.Debug|x64.Build.0 = Debug|x64
		{D66AC168-35A2-4C35-BEAE-D5969E1ED9E1}.Release|x64.ActiveCfg = Release|x64
		{D66AC168-35A2-4C35-BEAE-D5969E1ED9E1}.Release|x64.Build.0 = Release|x64
		{58AB31F0-11B9-4A1A-A7E7-569880986E6C}.Debug|x64.ActiveCfg = Debug|x64
		{58AB31F0-11B9-4A1A-A7E7-569880986E6C}.Debug|x64.Build.0 = Debug|x64
		{58AB31F0-11B9-4A1A-A7E7-569880986E6C}.Release|x64.ActiveCfg = Release|x64
		{58AB31F0-11B9-4A1A-A7E7-569880986E6C}.Release|x64.Build.0 = Release|x64
		{AD801A6C-A5B4-411A-A487-F63D3EBB5AA3}.Debug|x64.ActiveCfg = Debug|x64
		{AD801A6C-A5B4-411A-A487-F63D3EBB5AA3}.Debug|x64.Build.0 = Debug|x64
		{AD801A6C-A5B4-411A-A487-F63D3EBB5AA3}.Release|x64.ActiveCfg = Release|x64
		{AD801A6C-A5B4-411A-A487-F63D3EBB5AA3}.Release|x64.Build.0 = Release|x64
		{C0E15068-6C2E-414E-BA84-296B408D61F7}.Debug|x64.ActiveCfg = Debug|x64
		{C0E15068-6C2E-414E-BA84-296B408D61F7}.Debug|x64.Build.0 = Debug|x64
		{C0E15068-6C2E-414E-BA84-296B408D61F7}.Release|x64.ActiveCfg = Release|x64
		{C0E15068-6C2E-414E-BA84-296B408D61F7}.Release|x64.Build.0 = Release|x64
		{3B0F1FCA-136C-44DE-8E3F-A87EB92A9B11}.Debug|x64.ActiveCfg = Debug|x64
		{3B0F1FCA-136C-44DE-8E3F-A87EB92A9B11}.Debug|x64.Build.0 = Debug|x64
		{3B0F1FCA-136C-44DE-8E3F-A87EB92A9B11}.Release|x64.ActiveCfg = Release|x64
		{3B0F1FCA-136C-44DE-8E3F-A87EB92A9B11}.Release|x64.Build.0 = Release|x64
		{978FEAB6-471E-4D8D-94C3-43800698D5A5}.Debug|x64.ActiveCfg = Debug|x64
		{978FEAB6-471E-4D8D-94C3-43800698D5A5}.Debug|x64.Build.0 = Debug|x64
		{978FEAB6-471E-4D8D-94C3-43800698D5A5}.Release|x64.ActiveCfg = Release|x64
		{978FEAB6-471E-4D8D-94C3-43800698D5A5}.Release|x64.Build.0 = Release|x64
		{9BC6985F-50FE-4A15-81D3-EEB7A98906F7}.Debug|x64.ActiveCfg = Debug|x64
		{9BC6985F-50FE-4A15-81D3-EEB7A98906F7}.Debug|x64.Build.0 = Debug|x64
		{9BC6985F-50FE-4A15-81D3-EEB7A98906F7}.Release|x64.ActiveCfg = Release|x64
		{9BC6985F-50FE-4A15-81D3-EEB7A98906F7}.Release|x64.Build.0 = Release|x64
		{18D980AD-0C68-4CB7-9A17-90EC50A754AB}.Debug|x64.ActiveCfg = Debug|x64
		{18D980AD-0C68-4CB7-9A17-90EC50A754AB}.Debug|x64.Build.0 = Debug|x64
		{18D980AD-0C68-4CB7-9A17-90EC50A754AB}.Release|x64.ActiveCfg = Release|x64
		{18D980AD-0C68-4CB7-9A17-90EC50A754AB}.Release|x64.Build.0 = Release|x64
		{9922FFC1-9E52-4533-A298-52295D840B99}.Debug|x64.ActiveCfg = Debug|x64
		{9922FFC1-9E52-4533-A298-52295D840B99}.Debug|x64.Build.0 = Debug|x64
		{9922FFC1-9E52-4533-A298-52295D840B99}.Release|x64.ActiveCfg = Release|x64
		{9922FFC1-9E52-4533-A298-52295D840B99}.Release|x64.Build.0 = Release|x64
		{4334AC4D-AC0B-42DF-AA49-D5C0BE600B0F}.Debug|x64.ActiveCfg = Debug|x64
		{4334AC4D-AC0B-42DF-AA49-D5C0BE600B0F}.Debug|x64.Build.0 = Debug|x64
		{4334AC4D-AC0B-42DF-AA49-D5C0BE600B0F}.Release|x64.ActiveCfg = Release|x64
		{4334AC4D-AC0B-42DF-AA49-D5C0BE600B0F}.Release|x64.Build.0 = Release|x64
		{DCA47BDA-6093-414F-B81D-D90B207C893B}.Debug|x64.ActiveCfg = Debug|x64
		{DCA47BDA-6093-414F-B81D-D90B207C893B}.Debug|x64.Build.0 = Debug|x64
		{DCA47BDA-6093-414F-B81D-D90B207C893B}.Release|x64.ActiveCfg = Release|x64
		{DCA47BDA-6093-414F-B81D-D90B207C893B}.Release|x64.Build.0 = Release|x64
		{BA24937E-CED6-4610-89FC-B163FC87A0C9}.Debug|x64.ActiveCfg = Debug|x64
		{BA24937E-CED6-4610-89FC-B163FC87A0C9}.Debug|x64.Build.0 = Debug|x64
		{BA24937E-CED6-4610-89FC-B163FC87A0C9}.Release|x64.ActiveCfg = Release|x64
		{BA24937E-CED6-4610-89FC-B163FC87A0C9}.Release|x64.Build.0 = Release|x64
		{6D155BB7-FDB3-49D6-BCD2-880CE52A2704}.Debug|x64.ActiveCfg = Debug|x64
		{6D155BB7-FDB3-49D6-BCD2-880CE52A2704}.Debug|x64.Build.0 = Debug|x64
		{6D155BB7-FDB3-49D6-BCD2-880CE52A2704}.Release|x64.ActiveCfg = Release|x64
		{6D155BB7-FDB3-49D6-BCD2-880CE52A2704}.Release|x64.Build.0 = Release|x64
		{AB0845F9-AF81-4388-BE45-4FE23B7343F3}.Debug|x64.ActiveCfg = Debug|x64
		{AB0845F9-AF81-4388-BE45-4FE23B7343F3}.Debug|x64.Build.0 = Debug|x64
		{AB0845F9-AF81-4388-BE45-4FE23B7343F3}.Release|x64.ActiveCfg = Release|x64
		{AB0845F9-AF81-4388-BE45-4FE23B7343F3}.Release|x64.Build.0 = Release|x64
		{E0B1653E-5E81-4A34-B321-BDDF33C9FD46}.Debug|x64.ActiveCfg = Debug|x64
		{E0B1653E-5E81-4A34-B321-BDDF33C9FD46}.Debug|x64.Build.0 = Debug|x64
		{E0B1653E-5E81-4A34-B321-BDDF33C9FD46}.Release|x64.ActiveCfg = Release|x64
		{E0B1653E-5E81-4A34-B321-BDDF33C9FD46}.Release|x64.Build.0 = Release|x64
		{9E85010D-A9E9-46D6-8450-F635EA9321CC}.Debug|x64.ActiveCfg = Debug|x64
		{9E85010D-A9E9-46D6-8450-F635EA9321CC}.Debug|x64.Build.0 = Debug|x64
		{9E85010D-A9E9-46D6-8450-F635EA9321CC}.Release|x64.ActiveCfg = Release|x64
		{9E85010D-A9E9-46D6-8450-F635EA9321CC}.Release|x64.Build.0 = Release|x64
		{CE0A265F-EE87-479F-ADC1-FF8961DDC80B}.Debug|x64.ActiveCfg = Debug|x64
		{CE0A265F-EE87-479F-ADC1-FF8961DDC80B}.Debug|x64.Build.0 = Debug|x64
		{CE0A265F-EE87-479F-ADC1-FF8961DDC80B}.Release|x64.ActiveCfg = Release|x64
		{CE0A265F-EE87-479F-ADC1-FF8961DDC80B}.Release|x64.Build.0 = Release|x64
		{496947DE-7A44-42A4-946B-CBF220637960}.Debug|x64.ActiveCfg = Debug|x64
		{496947DE-7A44-42A4-946B-CBF220637960}.Debug|x64.Build.0 = Debug|x64
		{496947DE-7A44-42A4-946B-CBF220637960}.Release|x64.ActiveCfg = Release|x64
		{496947DE-7A44-42A4-946B-CBF220637960}.Release|x64.Build.0 = Release|x64
		{73368CEB-D8C8-4781-BF6E-B09EBC0DC803}.Debug|x64.ActiveCfg = Debug|x64
		{73368CEB-D8C8-4781-BF6E-B09EBC0DC803}.Debug|x64.Build.0 = Debug|x64
		{73368CEB-D8C8-4781-BF6E-B09EBC0DC803}.Release|x64.ActiveCfg = Release|x64
		{73368CEB-D8C8-4781-BF6E-B09EBC0DC803}.Release|x64.Build.0 = Release|x64
	EndGlobalSection
	GlobalSection(SolutionProperties) = preSolution
		HideSolutionNode = FALSE
	EndGlobalSection
	GlobalSection(NestedProjects) = preSolution
		{01328523-69CE-4049-BBBD-8C3C4F63D4D6} = {0B2D56EA-40A8-4634-BCA3-834F1590C690}
		{D66AC168-35A2-4C35-BEAE-D5969E1ED9E1} = {0B2D56EA-40A8-4634-BCA3-834F1590C690}
		{58AB31F0-11B9-4A1A-A7E7-569880986E6C} = {0B2D56EA-40A8-4634-BCA3-834F1590C690}
		{AD801A6C-A5B4-411A-A487-F63D3EBB5AA3} = {0B2D56EA-40A8-4634-BCA3-834F1590C690}
		{C0E15068-6C2E-414E-BA84-296B408D61F7} = {0B2D56EA-40A8-4634-BCA3-834F1590C690}
		{3B0F1FCA-136C-44DE-8E3F-A87EB92A9B11} = {0B2D56EA-40A8-4634-BCA3-834F1590C690}
		{978FEAB6-471E-4D8D-94C3-43800698D5A5} = {0B2D56EA-40A8-4634-BCA3-834F1590C690}
		{9BC6985F-50FE-4A15-81D3-EEB7A98906F7} = {0B2D56EA-40A8-4634-BCA3-834F1590C690}
		{18D980AD-0C68-4CB7-9A17-90EC50A754AB} = {0B2D56EA-40A8-4634-BCA3-834F1590C690}
		{9922FFC1-9E52-4533-A298-52295D840B99} = {0B2D56EA-40A8-4634-BCA3-834F1590C690}
		{4334AC4D-AC0B-42DF-AA49-D5C0BE600B0F} = {0B2D56EA-40A8-4634-BCA3-834F1590C690}
		{DCA47BDA-6093-414F-B81D-D90B207C893B} = {7042060E-3805-445F-AE9E-94B0EA3E6E8C}
		{BA24937E-CED6-4610-89FC-B163FC87A0C9} = {7042060E-3805-445F-AE9E-94B0EA3E6E8C}
		{6D155BB7-FDB3-49D6-BCD2-880CE52A2704} = {0B2D56EA-40A8-4634-BCA3-834F1590C690}
		{AB0845F9-AF81-4388-BE45-4FE23B7343F3} = {0B2D56EA-40A8-4634-BCA3-834F1590C690}
		{E0B1653E-5E81-4A34-B321-BDDF33C9FD46} = {0B2D56EA-40A8-4634-BCA3-834F1590C690}
		{9E85010D-A9E9-46D6-8450-F635EA9321CC} = {0B2D56EA-40A8-4634-BCA3-834F1590C690}
		{CE0A265F-EE87-479F-ADC1-FF8961DDC80B} = {0B2D56EA-40A8-4634-BCA3-834F1590C690}
		{496947DE-7A44-42A4-946B-CBF220637960} = {0B2D56EA-40A8-4634-BCA3-834F1590C690}
		{73368CEB-D8C8-4781-BF6E-B09EBC0DC803} = {0B2D56EA-40A8-4634-BCA3-834F1590C690}
	EndGlobalSection
EndGlobal
